
Microsoft Visual Studio Solution File, Format Version 12.00
# Visual Studio Version 17
VisualStudioVersion = 17.8.34525.116
MinimumVisualStudioVersion = 10.0.40219.1
Project("{FAE04EC0-301F-11D3-BF4B-00C04F79EFBC}") = "HospitalManagementSystem", "HospitalManagementSystem\HospitalManagementSystem.csproj", "{A56BDDAD-9765-41D1-AFE6-EB606B4838F1}"
EndProject
Global
	GlobalSection(SolutionConfigurationPlatforms) = preSolution
		Debug|Any CPU = Debug|Any CPU
		Release|Any CPU = Release|Any CPU
	EndGlobalSection
	GlobalSection(ProjectConfigurationPlatforms) = postSolution
		{A56BDDAD-9765-41D1-AFE6-EB606B4838F1}.Debug|Any CPU.ActiveCfg = Debug|Any CPU
		{A56BDDAD-9765-41D1-AFE6-EB606B4838F1}.Debug|Any CPU.Build.0 = Debug|Any CPU
		{A56BDDAD-9765-41D1-AFE6-EB606B4838F1}.Release|Any CPU.ActiveCfg = Release|Any CPU
		{A56BDDAD-9765-41D1-AFE6-EB606B4838F1}.Release|Any CPU.Build.0 = Release|Any CPU
	EndGlobalSection
	GlobalSection(SolutionProperties) = preSolution
		HideSolutionNode = FALSE
	EndGlobalSection
	GlobalSection(ExtensibilityGlobals) = postSolution
		SolutionGuid = {1883F295-15D0-47D3-A7CC-C47A395A4F79}
	EndGlobalSection
EndGlobal
